
Microsoft Visual Studio Solution File, Format Version 12.00
# Visual Studio Version 17
VisualStudioVersion = 17.11.35208.52
MinimumVisualStudioVersion = 10.0.40219.1
Project("{FAE04EC0-301F-11D3-BF4B-00C04F79EFBC}") = "lib_entidades", "lib_entidades\lib_entidades.csproj", "{E375E1DE-34F8-45FC-8A2F-D458938CFADF}"
EndProject
Project("{FAE04EC0-301F-11D3-BF4B-00C04F79EFBC}") = "lib_repositorios", "lib_repositorios\lib_repositorios.csproj", "{65DAFD4F-4F1E-4EFE-BE7F-7C098C984D43}"
EndProject
Project("{FAE04EC0-301F-11D3-BF4B-00C04F79EFBC}") = "lib_aplicaciones", "lib_aplicaciones\lib_aplicaciones.csproj", "{D0C766BA-962C-4D5A-8C0A-25FBE27B61A3}"
EndProject
Project("{FAE04EC0-301F-11D3-BF4B-00C04F79EFBC}") = "lib_utilidades", "lib_utilidades\lib_utilidades.csproj", "{2F2C2DBD-ACB0-4099-A4A0-587250DCB777}"
EndProject
Project("{FAE04EC0-301F-11D3-BF4B-00C04F79EFBC}") = "asp_servicios", "asp_servicios\asp_servicios.csproj", "{841C7584-BBB8-45AF-9F32-DAC75E8EACCA}"
EndProject
Global
	GlobalSection(SolutionConfigurationPlatforms) = preSolution
		Debug|Any CPU = Debug|Any CPU
		Release|Any CPU = Release|Any CPU
	EndGlobalSection
	GlobalSection(ProjectConfigurationPlatforms) = postSolution
		{E375E1DE-34F8-45FC-8A2F-D458938CFADF}.Debug|Any CPU.ActiveCfg = Debug|Any CPU
		{E375E1DE-34F8-45FC-8A2F-D458938CFADF}.Debug|Any CPU.Build.0 = Debug|Any CPU
		{E375E1DE-34F8-45FC-8A2F-D458938CFADF}.Release|Any CPU.ActiveCfg = Release|Any CPU
		{E375E1DE-34F8-45FC-8A2F-D458938CFADF}.Release|Any CPU.Build.0 = Release|Any CPU
		{65DAFD4F-4F1E-4EFE-BE7F-7C098C984D43}.Debug|Any CPU.ActiveCfg = Debug|Any CPU
		{65DAFD4F-4F1E-4EFE-BE7F-7C098C984D43}.Debug|Any CPU.Build.0 = Debug|Any CPU
		{65DAFD4F-4F1E-4EFE-BE7F-7C098C984D43}.Release|Any CPU.ActiveCfg = Release|Any CPU
		{65DAFD4F-4F1E-4EFE-BE7F-7C098C984D43}.Release|Any CPU.Build.0 = Release|Any CPU
		{D0C766BA-962C-4D5A-8C0A-25FBE27B61A3}.Debug|Any CPU.ActiveCfg = Debug|Any CPU
		{D0C766BA-962C-4D5A-8C0A-25FBE27B61A3}.Debug|Any CPU.Build.0 = Debug|Any CPU
		{D0C766BA-962C-4D5A-8C0A-25FBE27B61A3}.Release|Any CPU.ActiveCfg = Release|Any CPU
		{D0C766BA-962C-4D5A-8C0A-25FBE27B61A3}.Release|Any CPU.Build.0 = Release|Any CPU
		{2F2C2DBD-ACB0-4099-A4A0-587250DCB777}.Debug|Any CPU.ActiveCfg = Debug|Any CPU
		{2F2C2DBD-ACB0-4099-A4A0-587250DCB777}.Debug|Any CPU.Build.0 = Debug|Any CPU
		{2F2C2DBD-ACB0-4099-A4A0-587250DCB777}.Release|Any CPU.ActiveCfg = Release|Any CPU
		{2F2C2DBD-ACB0-4099-A4A0-587250DCB777}.Release|Any CPU.Build.0 = Release|Any CPU
		{841C7584-BBB8-45AF-9F32-DAC75E8EACCA}.Debug|Any CPU.ActiveCfg = Debug|Any CPU
		{841C7584-BBB8-45AF-9F32-DAC75E8EACCA}.Debug|Any CPU.Build.0 = Debug|Any CPU
		{841C7584-BBB8-45AF-9F32-DAC75E8EACCA}.Release|Any CPU.ActiveCfg = Release|Any CPU
		{841C7584-BBB8-45AF-9F32-DAC75E8EACCA}.Release|Any CPU.Build.0 = Release|Any CPU
	EndGlobalSection
	GlobalSection(SolutionProperties) = preSolution
		HideSolutionNode = FALSE
	EndGlobalSection
	GlobalSection(ExtensibilityGlobals) = postSolution
		SolutionGuid = {BFA17C15-039B-4721-BAB3-9E2E8038AD56}
	EndGlobalSection
EndGlobal
